{
  "name": "springdevopssemester4project",
  "version": "1.0.0",
  "lockfileVersion": 1,
  "requires": true,
  "dependencies": {
    "dawa-autocomplete2": {
      "version": "0.13.1",
      "resolved": "https://registry.npmjs.org/dawa-autocomplete2/-/dawa-autocomplete2-0.13.1.tgz",
      "integrity": "sha512-Z2VbH7B5jXHIhaWHglCCCcdmTr0zqbwSLWO5H0PqDScbIaD2Da9eko1Yhj4CcII9SGXC8QqkWrdW9Us1juUomA=="
    }
  }
}
